// !$*UTF8*$!
{
	archiveVersion = 1;
	classes = {
	};
	objectVersion = 77;
	objects = {

/* Begin PBXBuildFile section */
		E2609AB42CF89B37002C710C /* Kingfisher in Frameworks */ = {isa = PBXBuildFile; productRef = E2609AB32CF89B37002C710C /* Kingfisher */; };
		E2609ABB2CF8A015002C710C /* Alamofire in Frameworks */ = {isa = PBXBuildFile; productRef = E2609ABA2CF8A015002C710C /* Alamofire */; };
/* End PBXBuildFile section */

/* Begin PBXContainerItemProxy section */
		E2609A902CF89989002C710C /* PBXContainerItemProxy */ = {
			isa = PBXContainerItemProxy;
			containerPortal = E2609A712CF89986002C710C /* Project object */;
			proxyType = 1;
			remoteGlobalIDString = E2609A782CF89986002C710C;
			remoteInfo = SuperHeroRandomizer;
		};
		E2609A9A2CF89989002C710C /* PBXContainerItemProxy */ = {
			isa = PBXContainerItemProxy;
			containerPortal = E2609A712CF89986002C710C /* Project object */;
			proxyType = 1;
			remoteGlobalIDString = E2609A782CF89986002C710C;
			remoteInfo = SuperHeroRandomizer;
		};
/* End PBXContainerItemProxy section */

/* Begin PBXFileReference section */
		E2609A792CF89986002C710C /* SuperHeroRandomizer.app */ = {isa = PBXFileReference; explicitFileType = wrapper.application; includeInIndex = 0; path = SuperHeroRandomizer.app; sourceTree = BUILT_PRODUCTS_DIR; };
		E2609A8F2CF89989002C710C /* SuperHeroRandomizerTests.xctest */ = {isa = PBXFileReference; explicitFileType = wrapper.cfbundle; includeInIndex = 0; path = SuperHeroRandomizerTests.xctest; sourceTree = BUILT_PRODUCTS_DIR; };
		E2609A992CF89989002C710C /* SuperHeroRandomizerUITests.xctest */ = {isa = PBXFileReference; explicitFileType = wrapper.cfbundle; includeInIndex = 0; path = SuperHeroRandomizerUITests.xctest; sourceTree = BUILT_PRODUCTS_DIR; };
/* End PBXFileReference section */

/* Begin PBXFileSystemSynchronizedBuildFileExceptionSet section */
		E2609AA12CF89989002C710C /* Exceptions for "SuperHeroRandomizer" folder in "SuperHeroRandomizer" target */ = {
			isa = PBXFileSystemSynchronizedBuildFileExceptionSet;
			membershipExceptions = (
				Info.plist,
			);
			target = E2609A782CF89986002C710C /* SuperHeroRandomizer */;
		};
/* End PBXFileSystemSynchronizedBuildFileExceptionSet section */

/* Begin PBXFileSystemSynchronizedRootGroup section */
		E2609A7B2CF89986002C710C /* SuperHeroRandomizer */ = {
			isa = PBXFileSystemSynchronizedRootGroup;
			exceptions = (
				E2609AA12CF89989002C710C /* Exceptions for "SuperHeroRandomizer" folder in "SuperHeroRandomizer" target */,
			);
			path = SuperHeroRandomizer;
			sourceTree = "<group>";
		};
		E2609A922CF89989002C710C /* SuperHeroRandomizerTests */ = {
			isa = PBXFileSystemSynchronizedRootGroup;
			path = SuperHeroRandomizerTests;
			sourceTree = "<group>";
		};
		E2609A9C2CF89989002C710C /* SuperHeroRandomizerUITests */ = {
			isa = PBXFileSystemSynchronizedRootGroup;
			path = SuperHeroRandomizerUITests;
			sourceTree = "<group>";
		};
/* End PBXFileSystemSynchronizedRootGroup section */

/* Begin PBXFrameworksBuildPhase section */
		E2609A762CF89986002C710C /* Frameworks */ = {
			isa = PBXFrameworksBuildPhase;
			buildActionMask = 2147483647;
			files = (
				E2609AB42CF89B37002C710C /* Kingfisher in Frameworks */,
				E2609ABB2CF8A015002C710C /* Alamofire in Frameworks */,
			);
			runOnlyForDeploymentPostprocessing = 0;
		};
		E2609A8C2CF89989002C710C /* Frameworks */ = {
			isa = PBXFrameworksBuildPhase;
			buildActionMask = 2147483647;
			files = (
			);
			runOnlyForDeploymentPostprocessing = 0;
		};
		E2609A962CF89989002C710C /* Frameworks */ = {
			isa = PBXFrameworksBuildPhase;
			buildActionMask = 2147483647;
			files = (
			);
			runOnlyForDeploymentPostprocessing = 0;
		};
/* End PBXFrameworksBuildPhase section */

/* Begin PBXGroup section */
		E2609A702CF89986002C710C = {
			isa = PBXGroup;
			children = (
				E2609A7B2CF89986002C710C /* SuperHeroRandomizer */,
				E2609A922CF89989002C710C /* SuperHeroRandomizerTests */,
				E2609A9C2CF89989002C710C /* SuperHeroRandomizerUITests */,
				E2609A7A2CF89986002C710C /* Products */,
			);
			sourceTree = "<group>";
		};
		E2609A7A2CF89986002C710C /* Products */ = {
			isa = PBXGroup;
			children = (
				E2609A792CF89986002C710C /* SuperHeroRandomizer.app */,
				E2609A8F2CF89989002C710C /* SuperHeroRandomizerTests.xctest */,
				E2609A992CF89989002C710C /* SuperHeroRandomizerUITests.xctest */,
			);
			name = Products;
			sourceTree = "<group>";
		};
/* End PBXGroup section */

/* Begin PBXNativeTarget section */
		E2609A782CF89986002C710C /* SuperHeroRandomizer */ = {
			isa = PBXNativeTarget;
			buildConfigurationList = E2609AA22CF89989002C710C /* Build configuration list for PBXNativeTarget "SuperHeroRandomizer" */;
			buildPhases = (
				E2609A752CF89986002C710C /* Sources */,
				E2609A762CF89986002C710C /* Frameworks */,
				E2609A772CF89986002C710C /* Resources */,
			);
			buildRules = (
			);
			dependencies = (
			);
			fileSystemSynchronizedGroups = (
				E2609A7B2CF89986002C710C /* SuperHeroRandomizer */,
			);
			name = SuperHeroRandomizer;
			packageProductDependencies = (
				E2609AB32CF89B37002C710C /* Kingfisher */,
				E2609ABA2CF8A015002C710C /* Alamofire */,
			);
			productName = SuperHeroRandomizer;
			productReference = E2609A792CF89986002C710C /* SuperHeroRandomizer.app */;
			productType = "com.apple.product-type.application";
		};
		E2609A8E2CF89989002C710C /* SuperHeroRandomizerTests */ = {
			isa = PBXNativeTarget;
			buildConfigurationList = E2609AA72CF89989002C710C /* Build configuration list for PBXNativeTarget "SuperHeroRandomizerTests" */;
			buildPhases = (
				E2609A8B2CF89989002C710C /* Sources */,
				E2609A8C2CF89989002C710C /* Frameworks */,
				E2609A8D2CF89989002C710C /* Resources */,
			);
			buildRules = (
			);
			dependencies = (
				E2609A912CF89989002C710C /* PBXTargetDependency */,
			);
			fileSystemSynchronizedGroups = (
				E2609A922CF89989002C710C /* SuperHeroRandomizerTests */,
			);
			name = SuperHeroRandomizerTests;
			packageProductDependencies = (
			);
			productName = SuperHeroRandomizerTests;
			productReference = E2609A8F2CF89989002C710C /* SuperHeroRandomizerTests.xctest */;
			productType = "com.apple.product-type.bundle.unit-test";
		};
		E2609A982CF89989002C710C /* SuperHeroRandomizerUITests */ = {
			isa = PBXNativeTarget;
			buildConfigurationList = E2609AAA2CF89989002C710C /* Build configuration list for PBXNativeTarget "SuperHeroRandomizerUITests" */;
			buildPhases = (
				E2609A952CF89989002C710C /* Sources */,
				E2609A962CF89989002C710C /* Frameworks */,
				E2609A972CF89989002C710C /* Resources */,
			);
			buildRules = (
			);
			dependencies = (
				E2609A9B2CF89989002C710C /* PBXTargetDependency */,
			);
			fileSystemSynchronizedGroups = (
				E2609A9C2CF89989002C710C /* SuperHeroRandomizerUITests */,
			);
			name = SuperHeroRandomizerUITests;
			packageProductDependencies = (
			);
			productName = SuperHeroRandomizerUITests;
			productReference = E2609A992CF89989002C710C /* SuperHeroRandomizerUITests.xctest */;
			productType = "com.apple.product-type.bundle.ui-testing";
		};
/* End PBXNativeTarget section */

/* Begin PBXProject section */
		E2609A712CF89986002C710C /* Project object */ = {
			isa = PBXProject;
			attributes = {
				BuildIndependentTargetsInParallel = 1;
				LastSwiftUpdateCheck = 1610;
				LastUpgradeCheck = 1610;
				TargetAttributes = {
					E2609A782CF89986002C710C = {
						CreatedOnToolsVersion = 16.1;
					};
					E2609A8E2CF89989002C710C = {
						CreatedOnToolsVersion = 16.1;
						TestTargetID = E2609A782CF89986002C710C;
					};
					E2609A982CF89989002C710C = {
						CreatedOnToolsVersion = 16.1;
						TestTargetID = E2609A782CF89986002C710C;
					};
				};
			};
			buildConfigurationList = E2609A742CF89986002C710C /* Build configuration list for PBXProject "SuperHeroRandomizer" */;
			developmentRegion = en;
			hasScannedForEncodings = 0;
			knownRegions = (
				en,
				Base,
			);
			mainGroup = E2609A702CF89986002C710C;
			minimizedProjectReferenceProxies = 1;
			packageReferences = (
				E2609AB22CF89B37002C710C /* XCRemoteSwiftPackageReference "Kingfisher" */,
				E2609AB92CF8A015002C710C /* XCRemoteSwiftPackageReference "Alamofire" */,
			);
			preferredProjectObjectVersion = 77;
			productRefGroup = E2609A7A2CF89986002C710C /* Products */;
			projectDirPath = "";
			projectRoot = "";
			targets = (
				E2609A782CF89986002C710C /* SuperHeroRandomizer */,
				E2609A8E2CF89989002C710C /* SuperHeroRandomizerTests */,
				E2609A982CF89989002C710C /* SuperHeroRandomizerUITests */,
			);
		};
/* End PBXProject section */

/* Begin PBXResourcesBuildPhase section */
		E2609A772CF89986002C710C /* Resources */ = {
			isa = PBXResourcesBuildPhase;
			buildActionMask = 2147483647;
			files = (
			);
			runOnlyForDeploymentPostprocessing = 0;
		};
		E2609A8D2CF89989002C710C /* Resources */ = {
			isa = PBXResourcesBuildPhase;
			buildActionMask = 2147483647;
			files = (
			);
			runOnlyForDeploymentPostprocessing = 0;
		};
		E2609A972CF89989002C710C /* Resources */ = {
			isa = PBXResourcesBuildPhase;
			buildActionMask = 2147483647;
			files = (
			);
			runOnlyForDeploymentPostprocessing = 0;
		};
/* End PBXResourcesBuildPhase section */

/* Begin PBXSourcesBuildPhase section */
		E2609A752CF89986002C710C /* Sources */ = {
			isa = PBXSourcesBuildPhase;
			buildActionMask = 2147483647;
			files = (
			);
			runOnlyForDeploymentPostprocessing = 0;
		};
		E2609A8B2CF89989002C710C /* Sources */ = {
			isa = PBXSourcesBuildPhase;
			buildActionMask = 2147483647;
			files = (
			);
			runOnlyForDeploymentPostprocessing = 0;
		};
		E2609A952CF89989002C710C /* Sources */ = {
			isa = PBXSourcesBuildPhase;
			buildActionMask = 2147483647;
			files = (
			);
			runOnlyForDeploymentPostprocessing = 0;
		};
/* End PBXSourcesBuildPhase section */

/* Begin PBXTargetDependency section */
		E2609A912CF89989002C710C /* PBXTargetDependency */ = {
			isa = PBXTargetDependency;
			target = E2609A782CF89986002C710C /* SuperHeroRandomizer */;
			targetProxy = E2609A902CF89989002C710C /* PBXContainerItemProxy */;
		};
		E2609A9B2CF89989002C710C /* PBXTargetDependency */ = {
			isa = PBXTargetDependency;
			target = E2609A782CF89986002C710C /* SuperHeroRandomizer */;
			targetProxy = E2609A9A2CF89989002C710C /* PBXContainerItemProxy */;
		};
/* End PBXTargetDependency section */

/* Begin XCBuildConfiguration section */
		E2609AA32CF89989002C710C /* Debug */ = {
			isa = XCBuildConfiguration;
			buildSettings = {
				ASSETCATALOG_COMPILER_APPICON_NAME = AppIcon;
				ASSETCATALOG_COMPILER_GLOBAL_ACCENT_COLOR_NAME = AccentColor;
				CODE_SIGN_STYLE = Automatic;
				CURRENT_PROJECT_VERSION = 1;
				GENERATE_INFOPLIST_FILE = YES;
				INFOPLIST_FILE = SuperHeroRandomizer/Info.plist;
				INFOPLIST_KEY_UIApplicationSupportsIndirectInputEvents = YES;
				INFOPLIST_KEY_UILaunchStoryboardName = LaunchScreen;
				INFOPLIST_KEY_UIMainStoryboardFile = Main;
				INFOPLIST_KEY_UISupportedInterfaceOrientations_iPad = "UIInterfaceOrientationPortrait UIInterfaceOrientationPortraitUpsideDown UIInterfaceOrientationLandscapeLeft UIInterfaceOrientationLandscapeRight";
				INFOPLIST_KEY_UISupportedInterfaceOrientations_iPhone = "UIInterfaceOrientationPortrait UIInterfaceOrientationLandscapeLeft UIInterfaceOrientationLandscapeRight";
				LD_RUNPATH_SEARCH_PATHS = (
					"$(inherited)",
					"@executable_path/Frameworks",
				);
				MARKETING_VERSION = 1.0;
				PRODUCT_BUNDLE_IDENTIFIER = bar.SuperHeroRandomizer;
				PRODUCT_NAME = "$(TARGET_NAME)";
				SWIFT_EMIT_LOC_STRINGS = YES;
				SWIFT_VERSION = 5.0;
				TARGETED_DEVICE_FAMILY = "1,2";
			};
			name = Debug;
		};
		E2609AA42CF89989002C710C /* Release */ = {
			isa = XCBuildConfiguration;
			buildSettings = {
				ASSETCATALOG_COMPILER_APPICON_NAME = AppIcon;
				ASSETCATALOG_COMPILER_GLOBAL_ACCENT_COLOR_NAME = AccentColor;
				CODE_SIGN_STYLE = Automatic;
				CURRENT_PROJECT_VERSION = 1;
				GENERATE_INFOPLIST_FILE = YES;
				INFOPLIST_FILE = SuperHeroRandomizer/Info.plist;
				INFOPLIST_KEY_UIApplicationSupportsIndirectInputEvents = YES;
				INFOPLIST_KEY_UILaunchStoryboardName = LaunchScreen;
				INFOPLIST_KEY_UIMainStoryboardFile = Main;
				INFOPLIST_KEY_UISupportedInterfaceOrientations_iPad = "UIInterfaceOrientationPortrait UIInterfaceOrientationPortraitUpsideDown UIInterfaceOrientationLandscapeLeft UIInterfaceOrientationLandscapeRight";
				INFOPLIST_KEY_UISupportedInterfaceOrientations_iPhone = "UIInterfaceOrientationPortrait UIInterfaceOrientationLandscapeLeft UIInterfaceOrientationLandscapeRight";
				LD_RUNPATH_SEARCH_PATHS = (
					"$(inherited)",
					"@executable_path/Frameworks",
				);
				MARKETING_VERSION = 1.0;
				PRODUCT_BUNDLE_IDENTIFIER = bar.SuperHeroRandomizer;
				PRODUCT_NAME = "$(TARGET_NAME)";
				SWIFT_EMIT_LOC_STRINGS = YES;
				SWIFT_VERSION = 5.0;
				TARGETED_DEVICE_FAMILY = "1,2";
			};
			name = Release;
		};
		E2609AA52CF89989002C710C /* Debug */ = {
			isa = XCBuildConfiguration;
			buildSettings = {
				ALWAYS_SEARCH_USER_PATHS = NO;
				ASSETCATALOG_COMPILER_GENERATE_SWIFT_ASSET_SYMBOL_EXTENSIONS = YES;
				CLANG_ANALYZER_NONNULL = YES;
				CLANG_ANALYZER_NUMBER_OBJECT_CONVERSION = YES_AGGRESSIVE;
				CLANG_CXX_LANGUAGE_STANDARD = "gnu++20";
				CLANG_ENABLE_MODULES = YES;
				CLANG_ENABLE_OBJC_ARC = YES;
				CLANG_ENABLE_OBJC_WEAK = YES;
				CLANG_WARN_BLOCK_CAPTURE_AUTORELEASING = YES;
				CLANG_WARN_BOOL_CONVERSION = YES;
				CLANG_WARN_COMMA = YES;
				CLANG_WARN_CONSTANT_CONVERSION = YES;
				CLANG_WARN_DEPRECATED_OBJC_IMPLEMENTATIONS = YES;
				CLANG_WARN_DIRECT_OBJC_ISA_USAGE = YES_ERROR;
				CLANG_WARN_DOCUMENTATION_COMMENTS = YES;
				CLANG_WARN_EMPTY_BODY = YES;
				CLANG_WARN_ENUM_CONVERSION = YES;
				CLANG_WARN_INFINITE_RECURSION = YES;
				CLANG_WARN_INT_CONVERSION = YES;
				CLANG_WARN_NON_LITERAL_NULL_CONVERSION = YES;
				CLANG_WARN_OBJC_IMPLICIT_RETAIN_SELF = YES;
				CLANG_WARN_OBJC_LITERAL_CONVERSION = YES;
				CLANG_WARN_OBJC_ROOT_CLASS = YES_ERROR;
				CLANG_WARN_QUOTED_INCLUDE_IN_FRAMEWORK_HEADER = YES;
				CLANG_WARN_RANGE_LOOP_ANALYSIS = YES;
				CLANG_WARN_STRICT_PROTOTYPES = YES;
				CLANG_WARN_SUSPICIOUS_MOVE = YES;
				CLANG_WARN_UNGUARDED_AVAILABILITY = YES_AGGRESSIVE;
				CLANG_WARN_UNREACHABLE_CODE = YES;
				CLANG_WARN__DUPLICATE_METHOD_MATCH = YES;
				COPY_PHASE_STRIP = NO;
				DEBUG_INFORMATION_FORMAT = dwarf;
				ENABLE_STRICT_OBJC_MSGSEND = YES;
				ENABLE_TESTABILITY = YES;
				ENABLE_USER_SCRIPT_SANDBOXING = YES;
				GCC_C_LANGUAGE_STANDARD = gnu17;
				GCC_DYNAMIC_NO_PIC = NO;
				GCC_NO_COMMON_BLOCKS = YES;
				GCC_OPTIMIZATION_LEVEL = 0;
				GCC_PREPROCESSOR_DEFINITIONS = (
					"DEBUG=1",
					"$(inherited)",
				);
				GCC_WARN_64_TO_32_BIT_CONVERSION = YES;
				GCC_WARN_ABOUT_RETURN_TYPE = YES_ERROR;
				GCC_WARN_UNDECLARED_SELECTOR = YES;
				GCC_WARN_UNINITIALIZED_AUTOS = YES_AGGRESSIVE;
				GCC_WARN_UNUSED_FUNCTION = YES;
				GCC_WARN_UNUSED_VARIABLE = YES;
				IPHONEOS_DEPLOYMENT_TARGET = 18.1;
				LOCALIZATION_PREFERS_STRING_CATALOGS = YES;
				MTL_ENABLE_DEBUG_INFO = INCLUDE_SOURCE;
				MTL_FAST_MATH = YES;
				ONLY_ACTIVE_ARCH = YES;
				SDKROOT = iphoneos;
				SWIFT_ACTIVE_COMPILATION_CONDITIONS = "DEBUG $(inherited)";
				SWIFT_OPTIMIZATION_LEVEL = "-Onone";
			};
			name = Debug;
		};
		E2609AA62CF89989002C710C /* Release */ = {
			isa = XCBuildConfiguration;
			buildSettings = {
				ALWAYS_SEARCH_USER_PATHS = NO;
				ASSETCATALOG_COMPILER_GENERATE_SWIFT_ASSET_SYMBOL_EXTENSIONS = YES;
				CLANG_ANALYZER_NONNULL = YES;
				CLANG_ANALYZER_NUMBER_OBJECT_CONVERSION = YES_AGGRESSIVE;
				CLANG_CXX_LANGUAGE_STANDARD = "gnu++20";
				CLANG_ENABLE_MODULES = YES;
				CLANG_ENABLE_OBJC_ARC = YES;
				CLANG_ENABLE_OBJC_WEAK = YES;
				CLANG_WARN_BLOCK_CAPTURE_AUTORELEASING = YES;
				CLANG_WARN_BOOL_CONVERSION = YES;
				CLANG_WARN_COMMA = YES;
				CLANG_WARN_CONSTANT_CONVERSION = YES;
				CLANG_WARN_DEPRECATED_OBJC_IMPLEMENTATIONS = YES;
				CLANG_WARN_DIRECT_OBJC_ISA_USAGE = YES_ERROR;
				CLANG_WARN_DOCUMENTATION_COMMENTS = YES;
				CLANG_WARN_EMPTY_BODY = YES;
				CLANG_WARN_ENUM_CONVERSION = YES;
				CLANG_WARN_INFINITE_RECURSION = YES;
				CLANG_WARN_INT_CONVERSION = YES;
				CLANG_WARN_NON_LITERAL_NULL_CONVERSION = YES;
				CLANG_WARN_OBJC_IMPLICIT_RETAIN_SELF = YES;
				CLANG_WARN_OBJC_LITERAL_CONVERSION = YES;
				CLANG_WARN_OBJC_ROOT_CLASS = YES_ERROR;
				CLANG_WARN_QUOTED_INCLUDE_IN_FRAMEWORK_HEADER = YES;
				CLANG_WARN_RANGE_LOOP_ANALYSIS = YES;
				CLANG_WARN_STRICT_PROTOTYPES = YES;
				CLANG_WARN_SUSPICIOUS_MOVE = YES;
				CLANG_WARN_UNGUARDED_AVAILABILITY = YES_AGGRESSIVE;
				CLANG_WARN_UNREACHABLE_CODE = YES;
				CLANG_WARN__DUPLICATE_METHOD_MATCH = YES;
				COPY_PHASE_STRIP = NO;
				DEBUG_INFORMATION_FORMAT = "dwarf-with-dsym";
				ENABLE_NS_ASSERTIONS = NO;
				ENABLE_STRICT_OBJC_MSGSEND = YES;
				ENABLE_USER_SCRIPT_SANDBOXING = YES;
				GCC_C_LANGUAGE_STANDARD = gnu17;
				GCC_NO_COMMON_BLOCKS = YES;
				GCC_WARN_64_TO_32_BIT_CONVERSION = YES;
				GCC_WARN_ABOUT_RETURN_TYPE = YES_ERROR;
				GCC_WARN_UNDECLARED_SELECTOR = YES;
				GCC_WARN_UNINITIALIZED_AUTOS = YES_AGGRESSIVE;
				GCC_WARN_UNUSED_FUNCTION = YES;
				GCC_WARN_UNUSED_VARIABLE = YES;
				IPHONEOS_DEPLOYMENT_TARGET = 18.1;
				LOCALIZATION_PREFERS_STRING_CATALOGS = YES;
				MTL_ENABLE_DEBUG_INFO = NO;
				MTL_FAST_MATH = YES;
				SDKROOT = iphoneos;
				SWIFT_COMPILATION_MODE = wholemodule;
				VALIDATE_PRODUCT = YES;
			};
			name = Release;
		};
		E2609AA82CF89989002C710C /* Debug */ = {
			isa = XCBuildConfiguration;
			buildSettings = {
				BUNDLE_LOADER = "$(TEST_HOST)";
				CODE_SIGN_STYLE = Automatic;
				CURRENT_PROJECT_VERSION = 1;
				GENERATE_INFOPLIST_FILE = YES;
				IPHONEOS_DEPLOYMENT_TARGET = 18.1;
				MARKETING_VERSION = 1.0;
				PRODUCT_BUNDLE_IDENTIFIER = bar.SuperHeroRandomizerTests;
				PRODUCT_NAME = "$(TARGET_NAME)";
				SWIFT_EMIT_LOC_STRINGS = NO;
				SWIFT_VERSION = 5.0;
				TARGETED_DEVICE_FAMILY = "1,2";
				TEST_HOST = "$(BUILT_PRODUCTS_DIR)/SuperHeroRandomizer.app/$(BUNDLE_EXECUTABLE_FOLDER_PATH)/SuperHeroRandomizer";
			};
			name = Debug;
		};
		E2609AA92CF89989002C710C /* Release */ = {
			isa = XCBuildConfiguration;
			buildSettings = {
				BUNDLE_LOADER = "$(TEST_HOST)";
				CODE_SIGN_STYLE = Automatic;
				CURRENT_PROJECT_VERSION = 1;
				GENERATE_INFOPLIST_FILE = YES;
				IPHONEOS_DEPLOYMENT_TARGET = 18.1;
				MARKETING_VERSION = 1.0;
				PRODUCT_BUNDLE_IDENTIFIER = bar.SuperHeroRandomizerTests;
				PRODUCT_NAME = "$(TARGET_NAME)";
				SWIFT_EMIT_LOC_STRINGS = NO;
				SWIFT_VERSION = 5.0;
				TARGETED_DEVICE_FAMILY = "1,2";
				TEST_HOST = "$(BUILT_PRODUCTS_DIR)/SuperHeroRandomizer.app/$(BUNDLE_EXECUTABLE_FOLDER_PATH)/SuperHeroRandomizer";
			};
			name = Release;
		};
		E2609AAB2CF89989002C710C /* Debug */ = {
			isa = XCBuildConfiguration;
			buildSettings = {
				CODE_SIGN_STYLE = Automatic;
				CURRENT_PROJECT_VERSION = 1;
				GENERATE_INFOPLIST_FILE = YES;
				MARKETING_VERSION = 1.0;
				PRODUCT_BUNDLE_IDENTIFIER = bar.SuperHeroRandomizerUITests;
				PRODUCT_NAME = "$(TARGET_NAME)";
				SWIFT_EMIT_LOC_STRINGS = NO;
				SWIFT_VERSION = 5.0;
				TARGETED_DEVICE_FAMILY = "1,2";
				TEST_TARGET_NAME = SuperHeroRandomizer;
			};
			name = Debug;
		};
		E2609AAC2CF89989002C710C /* Release */ = {
			isa = XCBuildConfiguration;
			buildSettings = {
				CODE_SIGN_STYLE = Automatic;
				CURRENT_PROJECT_VERSION = 1;
				GENERATE_INFOPLIST_FILE = YES;
				MARKETING_VERSION = 1.0;
				PRODUCT_BUNDLE_IDENTIFIER = bar.SuperHeroRandomizerUITests;
				PRODUCT_NAME = "$(TARGET_NAME)";
				SWIFT_EMIT_LOC_STRINGS = NO;
				SWIFT_VERSION = 5.0;
				TARGETED_DEVICE_FAMILY = "1,2";
				TEST_TARGET_NAME = SuperHeroRandomizer;
			};
			name = Release;
		};
/* End XCBuildConfiguration section */

/* Begin XCConfigurationList section */
		E2609A742CF89986002C710C /* Build configuration list for PBXProject "SuperHeroRandomizer" */ = {
			isa = XCConfigurationList;
			buildConfigurations = (
				E2609AA52CF89989002C710C /* Debug */,
				E2609AA62CF89989002C710C /* Release */,
			);
			defaultConfigurationIsVisible = 0;
			defaultConfigurationName = Release;
		};
		E2609AA22CF89989002C710C /* Build configuration list for PBXNativeTarget "SuperHeroRandomizer" */ = {
			isa = XCConfigurationList;
			buildConfigurations = (
				E2609AA32CF89989002C710C /* Debug */,
				E2609AA42CF89989002C710C /* Release */,
			);
			defaultConfigurationIsVisible = 0;
			defaultConfigurationName = Release;
		};
		E2609AA72CF89989002C710C /* Build configuration list for PBXNativeTarget "SuperHeroRandomizerTests" */ = {
			isa = XCConfigurationList;
			buildConfigurations = (
				E2609AA82CF89989002C710C /* Debug */,
				E2609AA92CF89989002C710C /* Release */,
			);
			defaultConfigurationIsVisible = 0;
			defaultConfigurationName = Release;
		};
		E2609AAA2CF89989002C710C /* Build configuration list for PBXNativeTarget "SuperHeroRandomizerUITests" */ = {
			isa = XCConfigurationList;
			buildConfigurations = (
				E2609AAB2CF89989002C710C /* Debug */,
				E2609AAC2CF89989002C710C /* Release */,
			);
			defaultConfigurationIsVisible = 0;
			defaultConfigurationName = Release;
		};
/* End XCConfigurationList section */

/* Begin XCRemoteSwiftPackageReference section */
		E2609AB22CF89B37002C710C /* XCRemoteSwiftPackageReference "Kingfisher" */ = {
			isa = XCRemoteSwiftPackageReference;
			repositoryURL = "https://github.com/onevcat/Kingfisher";
			requirement = {
				kind = upToNextMajorVersion;
				minimumVersion = 8.1.1;
			};
		};
		E2609AB92CF8A015002C710C /* XCRemoteSwiftPackageReference "Alamofire" */ = {
			isa = XCRemoteSwiftPackageReference;
			repositoryURL = "https://github.com/Alamofire/Alamofire.git";
			requirement = {
				kind = exactVersion;
				version = 5.8.1;
			};
		};
/* End XCRemoteSwiftPackageReference section */

/* Begin XCSwiftPackageProductDependency section */
		E2609AB32CF89B37002C710C /* Kingfisher */ = {
			isa = XCSwiftPackageProductDependency;
			package = E2609AB22CF89B37002C710C /* XCRemoteSwiftPackageReference "Kingfisher" */;
			productName = Kingfisher;
		};
		E2609ABA2CF8A015002C710C /* Alamofire */ = {
			isa = XCSwiftPackageProductDependency;
			package = E2609AB92CF8A015002C710C /* XCRemoteSwiftPackageReference "Alamofire" */;
			productName = Alamofire;
		};
/* End XCSwiftPackageProductDependency section */
	};
	rootObject = E2609A712CF89986002C710C /* Project object */;
}
