{
  "originHash" : "e7b83cd41276e1cf12671b7cad616dbbe53b4022dde2476e7a66c7c363baf9f0",
  "pins" : [
    {
      "identity" : "alamofire",
      "kind" : "remoteSourceControl",
      "location" : "https://github.com/Alamofire/Alamofire.git",
      "state" : {
        "revision" : "3dc6a42c7727c49bf26508e29b0a0b35f9c7e1ad",
        "version" : "5.8.1"
      }
    },
    {
      "identity" : "kingfisher",
      "kind" : "remoteSourceControl",
      "location" : "https://github.com/onevcat/Kingfisher",
      "state" : {
        "revision" : "b6256f191b4c1d8d09f4df94bae69e5ac6e42c81",
        "version" : "8.1.1"
      }
    }
  ],
  "version" : 3
}
