// !$*UTF8*$!
{
	archiveVersion = 1;
	classes = {
	};
	objectVersion = 77;
	objects = {

/* Begin PBXContainerItemProxy section */
		E291BA6F2CF03FD500D062F8 /* PBXContainerItemProxy */ = {
			isa = PBXContainerItemProxy;
			containerPortal = E291BA502CF03FD100D062F8 /* Project object */;
			proxyType = 1;
			remoteGlobalIDString = E291BA572CF03FD100D062F8;
			remoteInfo = "Assignment 9";
		};
		E291BA792CF03FD500D062F8 /* PBXContainerItemProxy */ = {
			isa = PBXContainerItemProxy;
			containerPortal = E291BA502CF03FD100D062F8 /* Project object */;
			proxyType = 1;
			remoteGlobalIDString = E291BA572CF03FD100D062F8;
			remoteInfo = "Assignment 9";
		};
/* End PBXContainerItemProxy section */

/* Begin PBXFileReference section */
		E291BA582CF03FD100D062F8 /* Assignment 9.app */ = {isa = PBXFileReference; explicitFileType = wrapper.application; includeInIndex = 0; path = "Assignment 9.app"; sourceTree = BUILT_PRODUCTS_DIR; };
		E291BA6E2CF03FD500D062F8 /* Assignment 9Tests.xctest */ = {isa = PBXFileReference; explicitFileType = wrapper.cfbundle; includeInIndex = 0; path = "Assignment 9Tests.xctest"; sourceTree = BUILT_PRODUCTS_DIR; };
		E291BA782CF03FD500D062F8 /* Assignment 9UITests.xctest */ = {isa = PBXFileReference; explicitFileType = wrapper.cfbundle; includeInIndex = 0; path = "Assignment 9UITests.xctest"; sourceTree = BUILT_PRODUCTS_DIR; };
/* End PBXFileReference section */

/* Begin PBXFileSystemSynchronizedBuildFileExceptionSet section */
		E291BA802CF03FD500D062F8 /* Exceptions for "Assignment 9" folder in "Assignment 9" target */ = {
			isa = PBXFileSystemSynchronizedBuildFileExceptionSet;
			membershipExceptions = (
				Info.plist,
			);
			target = E291BA572CF03FD100D062F8 /* Assignment 9 */;
		};
/* End PBXFileSystemSynchronizedBuildFileExceptionSet section */

/* Begin PBXFileSystemSynchronizedRootGroup section */
		E291BA5A2CF03FD100D062F8 /* Assignment 9 */ = {
			isa = PBXFileSystemSynchronizedRootGroup;
			exceptions = (
				E291BA802CF03FD500D062F8 /* Exceptions for "Assignment 9" folder in "Assignment 9" target */,
			);
			path = "Assignment 9";
			sourceTree = "<group>";
		};
		E291BA712CF03FD500D062F8 /* Assignment 9Tests */ = {
			isa = PBXFileSystemSynchronizedRootGroup;
			path = "Assignment 9Tests";
			sourceTree = "<group>";
		};
		E291BA7B2CF03FD500D062F8 /* Assignment 9UITests */ = {
			isa = PBXFileSystemSynchronizedRootGroup;
			path = "Assignment 9UITests";
			sourceTree = "<group>";
		};
/* End PBXFileSystemSynchronizedRootGroup section */

/* Begin PBXFrameworksBuildPhase section */
		E291BA552CF03FD100D062F8 /* Frameworks */ = {
			isa = PBXFrameworksBuildPhase;
			buildActionMask = 2147483647;
			files = (
			);
			runOnlyForDeploymentPostprocessing = 0;
		};
		E291BA6B2CF03FD500D062F8 /* Frameworks */ = {
			isa = PBXFrameworksBuildPhase;
			buildActionMask = 2147483647;
			files = (
			);
			runOnlyForDeploymentPostprocessing = 0;
		};
		E291BA752CF03FD500D062F8 /* Frameworks */ = {
			isa = PBXFrameworksBuildPhase;
			buildActionMask = 2147483647;
			files = (
			);
			runOnlyForDeploymentPostprocessing = 0;
		};
/* End PBXFrameworksBuildPhase section */

/* Begin PBXGroup section */
		E291BA4F2CF03FD100D062F8 = {
			isa = PBXGroup;
			children = (
				E291BA5A2CF03FD100D062F8 /* Assignment 9 */,
				E291BA712CF03FD500D062F8 /* Assignment 9Tests */,
				E291BA7B2CF03FD500D062F8 /* Assignment 9UITests */,
				E291BA592CF03FD100D062F8 /* Products */,
			);
			sourceTree = "<group>";
		};
		E291BA592CF03FD100D062F8 /* Products */ = {
			isa = PBXGroup;
			children = (
				E291BA582CF03FD100D062F8 /* Assignment 9.app */,
				E291BA6E2CF03FD500D062F8 /* Assignment 9Tests.xctest */,
				E291BA782CF03FD500D062F8 /* Assignment 9UITests.xctest */,
			);
			name = Products;
			sourceTree = "<group>";
		};
/* End PBXGroup section */

/* Begin PBXNativeTarget section */
		E291BA572CF03FD100D062F8 /* Assignment 9 */ = {
			isa = PBXNativeTarget;
			buildConfigurationList = E291BA812CF03FD500D062F8 /* Build configuration list for PBXNativeTarget "Assignment 9" */;
			buildPhases = (
				E291BA542CF03FD100D062F8 /* Sources */,
				E291BA552CF03FD100D062F8 /* Frameworks */,
				E291BA562CF03FD100D062F8 /* Resources */,
			);
			buildRules = (
			);
			dependencies = (
			);
			fileSystemSynchronizedGroups = (
				E291BA5A2CF03FD100D062F8 /* Assignment 9 */,
			);
			name = "Assignment 9";
			packageProductDependencies = (
			);
			productName = "Assignment 9";
			productReference = E291BA582CF03FD100D062F8 /* Assignment 9.app */;
			productType = "com.apple.product-type.application";
		};
		E291BA6D2CF03FD500D062F8 /* Assignment 9Tests */ = {
			isa = PBXNativeTarget;
			buildConfigurationList = E291BA862CF03FD500D062F8 /* Build configuration list for PBXNativeTarget "Assignment 9Tests" */;
			buildPhases = (
				E291BA6A2CF03FD500D062F8 /* Sources */,
				E291BA6B2CF03FD500D062F8 /* Frameworks */,
				E291BA6C2CF03FD500D062F8 /* Resources */,
			);
			buildRules = (
			);
			dependencies = (
				E291BA702CF03FD500D062F8 /* PBXTargetDependency */,
			);
			fileSystemSynchronizedGroups = (
				E291BA712CF03FD500D062F8 /* Assignment 9Tests */,
			);
			name = "Assignment 9Tests";
			packageProductDependencies = (
			);
			productName = "Assignment 9Tests";
			productReference = E291BA6E2CF03FD500D062F8 /* Assignment 9Tests.xctest */;
			productType = "com.apple.product-type.bundle.unit-test";
		};
		E291BA772CF03FD500D062F8 /* Assignment 9UITests */ = {
			isa = PBXNativeTarget;
			buildConfigurationList = E291BA892CF03FD500D062F8 /* Build configuration list for PBXNativeTarget "Assignment 9UITests" */;
			buildPhases = (
				E291BA742CF03FD500D062F8 /* Sources */,
				E291BA752CF03FD500D062F8 /* Frameworks */,
				E291BA762CF03FD500D062F8 /* Resources */,
			);
			buildRules = (
			);
			dependencies = (
				E291BA7A2CF03FD500D062F8 /* PBXTargetDependency */,
			);
			fileSystemSynchronizedGroups = (
				E291BA7B2CF03FD500D062F8 /* Assignment 9UITests */,
			);
			name = "Assignment 9UITests";
			packageProductDependencies = (
			);
			productName = "Assignment 9UITests";
			productReference = E291BA782CF03FD500D062F8 /* Assignment 9UITests.xctest */;
			productType = "com.apple.product-type.bundle.ui-testing";
		};
/* End PBXNativeTarget section */

/* Begin PBXProject section */
		E291BA502CF03FD100D062F8 /* Project object */ = {
			isa = PBXProject;
			attributes = {
				BuildIndependentTargetsInParallel = 1;
				LastSwiftUpdateCheck = 1610;
				LastUpgradeCheck = 1610;
				TargetAttributes = {
					E291BA572CF03FD100D062F8 = {
						CreatedOnToolsVersion = 16.1;
					};
					E291BA6D2CF03FD500D062F8 = {
						CreatedOnToolsVersion = 16.1;
						TestTargetID = E291BA572CF03FD100D062F8;
					};
					E291BA772CF03FD500D062F8 = {
						CreatedOnToolsVersion = 16.1;
						TestTargetID = E291BA572CF03FD100D062F8;
					};
				};
			};
			buildConfigurationList = E291BA532CF03FD100D062F8 /* Build configuration list for PBXProject "Assignment 9" */;
			developmentRegion = en;
			hasScannedForEncodings = 0;
			knownRegions = (
				en,
				Base,
			);
			mainGroup = E291BA4F2CF03FD100D062F8;
			minimizedProjectReferenceProxies = 1;
			preferredProjectObjectVersion = 77;
			productRefGroup = E291BA592CF03FD100D062F8 /* Products */;
			projectDirPath = "";
			projectRoot = "";
			targets = (
				E291BA572CF03FD100D062F8 /* Assignment 9 */,
				E291BA6D2CF03FD500D062F8 /* Assignment 9Tests */,
				E291BA772CF03FD500D062F8 /* Assignment 9UITests */,
			);
		};
/* End PBXProject section */

/* Begin PBXResourcesBuildPhase section */
		E291BA562CF03FD100D062F8 /* Resources */ = {
			isa = PBXResourcesBuildPhase;
			buildActionMask = 2147483647;
			files = (
			);
			runOnlyForDeploymentPostprocessing = 0;
		};
		E291BA6C2CF03FD500D062F8 /* Resources */ = {
			isa = PBXResourcesBuildPhase;
			buildActionMask = 2147483647;
			files = (
			);
			runOnlyForDeploymentPostprocessing = 0;
		};
		E291BA762CF03FD500D062F8 /* Resources */ = {
			isa = PBXResourcesBuildPhase;
			buildActionMask = 2147483647;
			files = (
			);
			runOnlyForDeploymentPostprocessing = 0;
		};
/* End PBXResourcesBuildPhase section */

/* Begin PBXSourcesBuildPhase section */
		E291BA542CF03FD100D062F8 /* Sources */ = {
			isa = PBXSourcesBuildPhase;
			buildActionMask = 2147483647;
			files = (
			);
			runOnlyForDeploymentPostprocessing = 0;
		};
		E291BA6A2CF03FD500D062F8 /* Sources */ = {
			isa = PBXSourcesBuildPhase;
			buildActionMask = 2147483647;
			files = (
			);
			runOnlyForDeploymentPostprocessing = 0;
		};
		E291BA742CF03FD500D062F8 /* Sources */ = {
			isa = PBXSourcesBuildPhase;
			buildActionMask = 2147483647;
			files = (
			);
			runOnlyForDeploymentPostprocessing = 0;
		};
/* End PBXSourcesBuildPhase section */

/* Begin PBXTargetDependency section */
		E291BA702CF03FD500D062F8 /* PBXTargetDependency */ = {
			isa = PBXTargetDependency;
			target = E291BA572CF03FD100D062F8 /* Assignment 9 */;
			targetProxy = E291BA6F2CF03FD500D062F8 /* PBXContainerItemProxy */;
		};
		E291BA7A2CF03FD500D062F8 /* PBXTargetDependency */ = {
			isa = PBXTargetDependency;
			target = E291BA572CF03FD100D062F8 /* Assignment 9 */;
			targetProxy = E291BA792CF03FD500D062F8 /* PBXContainerItemProxy */;
		};
/* End PBXTargetDependency section */

/* Begin XCBuildConfiguration section */
		E291BA822CF03FD500D062F8 /* Debug */ = {
			isa = XCBuildConfiguration;
			buildSettings = {
				ASSETCATALOG_COMPILER_APPICON_NAME = AppIcon;
				ASSETCATALOG_COMPILER_GLOBAL_ACCENT_COLOR_NAME = AccentColor;
				CODE_SIGN_STYLE = Automatic;
				CURRENT_PROJECT_VERSION = 1;
				GENERATE_INFOPLIST_FILE = YES;
				INFOPLIST_FILE = "Assignment 9/Info.plist";
				INFOPLIST_KEY_UIApplicationSupportsIndirectInputEvents = YES;
				INFOPLIST_KEY_UILaunchStoryboardName = LaunchScreen;
				INFOPLIST_KEY_UIMainStoryboardFile = Main;
				INFOPLIST_KEY_UISupportedInterfaceOrientations_iPad = "UIInterfaceOrientationPortrait UIInterfaceOrientationPortraitUpsideDown UIInterfaceOrientationLandscapeLeft UIInterfaceOrientationLandscapeRight";
				INFOPLIST_KEY_UISupportedInterfaceOrientations_iPhone = "UIInterfaceOrientationPortrait UIInterfaceOrientationLandscapeLeft UIInterfaceOrientationLandscapeRight";
				LD_RUNPATH_SEARCH_PATHS = (
					"$(inherited)",
					"@executable_path/Frameworks",
				);
				MARKETING_VERSION = 1.0;
				PRODUCT_BUNDLE_IDENTIFIER = "bar.Assignment-9";
				PRODUCT_NAME = "$(TARGET_NAME)";
				SWIFT_EMIT_LOC_STRINGS = YES;
				SWIFT_VERSION = 5.0;
				TARGETED_DEVICE_FAMILY = "1,2";
			};
			name = Debug;
		};
		E291BA832CF03FD500D062F8 /* Release */ = {
			isa = XCBuildConfiguration;
			buildSettings = {
				ASSETCATALOG_COMPILER_APPICON_NAME = AppIcon;
				ASSETCATALOG_COMPILER_GLOBAL_ACCENT_COLOR_NAME = AccentColor;
				CODE_SIGN_STYLE = Automatic;
				CURRENT_PROJECT_VERSION = 1;
				GENERATE_INFOPLIST_FILE = YES;
				INFOPLIST_FILE = "Assignment 9/Info.plist";
				INFOPLIST_KEY_UIApplicationSupportsIndirectInputEvents = YES;
				INFOPLIST_KEY_UILaunchStoryboardName = LaunchScreen;
				INFOPLIST_KEY_UIMainStoryboardFile = Main;
				INFOPLIST_KEY_UISupportedInterfaceOrientations_iPad = "UIInterfaceOrientationPortrait UIInterfaceOrientationPortraitUpsideDown UIInterfaceOrientationLandscapeLeft UIInterfaceOrientationLandscapeRight";
				INFOPLIST_KEY_UISupportedInterfaceOrientations_iPhone = "UIInterfaceOrientationPortrait UIInterfaceOrientationLandscapeLeft UIInterfaceOrientationLandscapeRight";
				LD_RUNPATH_SEARCH_PATHS = (
					"$(inherited)",
					"@executable_path/Frameworks",
				);
				MARKETING_VERSION = 1.0;
				PRODUCT_BUNDLE_IDENTIFIER = "bar.Assignment-9";
				PRODUCT_NAME = "$(TARGET_NAME)";
				SWIFT_EMIT_LOC_STRINGS = YES;
				SWIFT_VERSION = 5.0;
				TARGETED_DEVICE_FAMILY = "1,2";
			};
			name = Release;
		};
		E291BA842CF03FD500D062F8 /* Debug */ = {
			isa = XCBuildConfiguration;
			buildSettings = {
				ALWAYS_SEARCH_USER_PATHS = NO;
				ASSETCATALOG_COMPILER_GENERATE_SWIFT_ASSET_SYMBOL_EXTENSIONS = YES;
				CLANG_ANALYZER_NONNULL = YES;
				CLANG_ANALYZER_NUMBER_OBJECT_CONVERSION = YES_AGGRESSIVE;
				CLANG_CXX_LANGUAGE_STANDARD = "gnu++20";
				CLANG_ENABLE_MODULES = YES;
				CLANG_ENABLE_OBJC_ARC = YES;
				CLANG_ENABLE_OBJC_WEAK = YES;
				CLANG_WARN_BLOCK_CAPTURE_AUTORELEASING = YES;
				CLANG_WARN_BOOL_CONVERSION = YES;
				CLANG_WARN_COMMA = YES;
				CLANG_WARN_CONSTANT_CONVERSION = YES;
				CLANG_WARN_DEPRECATED_OBJC_IMPLEMENTATIONS = YES;
				CLANG_WARN_DIRECT_OBJC_ISA_USAGE = YES_ERROR;
				CLANG_WARN_DOCUMENTATION_COMMENTS = YES;
				CLANG_WARN_EMPTY_BODY = YES;
				CLANG_WARN_ENUM_CONVERSION = YES;
				CLANG_WARN_INFINITE_RECURSION = YES;
				CLANG_WARN_INT_CONVERSION = YES;
				CLANG_WARN_NON_LITERAL_NULL_CONVERSION = YES;
				CLANG_WARN_OBJC_IMPLICIT_RETAIN_SELF = YES;
				CLANG_WARN_OBJC_LITERAL_CONVERSION = YES;
				CLANG_WARN_OBJC_ROOT_CLASS = YES_ERROR;
				CLANG_WARN_QUOTED_INCLUDE_IN_FRAMEWORK_HEADER = YES;
				CLANG_WARN_RANGE_LOOP_ANALYSIS = YES;
				CLANG_WARN_STRICT_PROTOTYPES = YES;
				CLANG_WARN_SUSPICIOUS_MOVE = YES;
				CLANG_WARN_UNGUARDED_AVAILABILITY = YES_AGGRESSIVE;
				CLANG_WARN_UNREACHABLE_CODE = YES;
				CLANG_WARN__DUPLICATE_METHOD_MATCH = YES;
				COPY_PHASE_STRIP = NO;
				DEBUG_INFORMATION_FORMAT = dwarf;
				ENABLE_STRICT_OBJC_MSGSEND = YES;
				ENABLE_TESTABILITY = YES;
				ENABLE_USER_SCRIPT_SANDBOXING = YES;
				GCC_C_LANGUAGE_STANDARD = gnu17;
				GCC_DYNAMIC_NO_PIC = NO;
				GCC_NO_COMMON_BLOCKS = YES;
				GCC_OPTIMIZATION_LEVEL = 0;
				GCC_PREPROCESSOR_DEFINITIONS = (
					"DEBUG=1",
					"$(inherited)",
				);
				GCC_WARN_64_TO_32_BIT_CONVERSION = YES;
				GCC_WARN_ABOUT_RETURN_TYPE = YES_ERROR;
				GCC_WARN_UNDECLARED_SELECTOR = YES;
				GCC_WARN_UNINITIALIZED_AUTOS = YES_AGGRESSIVE;
				GCC_WARN_UNUSED_FUNCTION = YES;
				GCC_WARN_UNUSED_VARIABLE = YES;
				IPHONEOS_DEPLOYMENT_TARGET = 18.1;
				LOCALIZATION_PREFERS_STRING_CATALOGS = YES;
				MTL_ENABLE_DEBUG_INFO = INCLUDE_SOURCE;
				MTL_FAST_MATH = YES;
				ONLY_ACTIVE_ARCH = YES;
				SDKROOT = iphoneos;
				SWIFT_ACTIVE_COMPILATION_CONDITIONS = "DEBUG $(inherited)";
				SWIFT_OPTIMIZATION_LEVEL = "-Onone";
			};
			name = Debug;
		};
		E291BA852CF03FD500D062F8 /* Release */ = {
			isa = XCBuildConfiguration;
			buildSettings = {
				ALWAYS_SEARCH_USER_PATHS = NO;
				ASSETCATALOG_COMPILER_GENERATE_SWIFT_ASSET_SYMBOL_EXTENSIONS = YES;
				CLANG_ANALYZER_NONNULL = YES;
				CLANG_ANALYZER_NUMBER_OBJECT_CONVERSION = YES_AGGRESSIVE;
				CLANG_CXX_LANGUAGE_STANDARD = "gnu++20";
				CLANG_ENABLE_MODULES = YES;
				CLANG_ENABLE_OBJC_ARC = YES;
				CLANG_ENABLE_OBJC_WEAK = YES;
				CLANG_WARN_BLOCK_CAPTURE_AUTORELEASING = YES;
				CLANG_WARN_BOOL_CONVERSION = YES;
				CLANG_WARN_COMMA = YES;
				CLANG_WARN_CONSTANT_CONVERSION = YES;
				CLANG_WARN_DEPRECATED_OBJC_IMPLEMENTATIONS = YES;
				CLANG_WARN_DIRECT_OBJC_ISA_USAGE = YES_ERROR;
				CLANG_WARN_DOCUMENTATION_COMMENTS = YES;
				CLANG_WARN_EMPTY_BODY = YES;
				CLANG_WARN_ENUM_CONVERSION = YES;
				CLANG_WARN_INFINITE_RECURSION = YES;
				CLANG_WARN_INT_CONVERSION = YES;
				CLANG_WARN_NON_LITERAL_NULL_CONVERSION = YES;
				CLANG_WARN_OBJC_IMPLICIT_RETAIN_SELF = YES;
				CLANG_WARN_OBJC_LITERAL_CONVERSION = YES;
				CLANG_WARN_OBJC_ROOT_CLASS = YES_ERROR;
				CLANG_WARN_QUOTED_INCLUDE_IN_FRAMEWORK_HEADER = YES;
				CLANG_WARN_RANGE_LOOP_ANALYSIS = YES;
				CLANG_WARN_STRICT_PROTOTYPES = YES;
				CLANG_WARN_SUSPICIOUS_MOVE = YES;
				CLANG_WARN_UNGUARDED_AVAILABILITY = YES_AGGRESSIVE;
				CLANG_WARN_UNREACHABLE_CODE = YES;
				CLANG_WARN__DUPLICATE_METHOD_MATCH = YES;
				COPY_PHASE_STRIP = NO;
				DEBUG_INFORMATION_FORMAT = "dwarf-with-dsym";
				ENABLE_NS_ASSERTIONS = NO;
				ENABLE_STRICT_OBJC_MSGSEND = YES;
				ENABLE_USER_SCRIPT_SANDBOXING = YES;
				GCC_C_LANGUAGE_STANDARD = gnu17;
				GCC_NO_COMMON_BLOCKS = YES;
				GCC_WARN_64_TO_32_BIT_CONVERSION = YES;
				GCC_WARN_ABOUT_RETURN_TYPE = YES_ERROR;
				GCC_WARN_UNDECLARED_SELECTOR = YES;
				GCC_WARN_UNINITIALIZED_AUTOS = YES_AGGRESSIVE;
				GCC_WARN_UNUSED_FUNCTION = YES;
				GCC_WARN_UNUSED_VARIABLE = YES;
				IPHONEOS_DEPLOYMENT_TARGET = 18.1;
				LOCALIZATION_PREFERS_STRING_CATALOGS = YES;
				MTL_ENABLE_DEBUG_INFO = NO;
				MTL_FAST_MATH = YES;
				SDKROOT = iphoneos;
				SWIFT_COMPILATION_MODE = wholemodule;
				VALIDATE_PRODUCT = YES;
			};
			name = Release;
		};
		E291BA872CF03FD500D062F8 /* Debug */ = {
			isa = XCBuildConfiguration;
			buildSettings = {
				BUNDLE_LOADER = "$(TEST_HOST)";
				CODE_SIGN_STYLE = Automatic;
				CURRENT_PROJECT_VERSION = 1;
				GENERATE_INFOPLIST_FILE = YES;
				IPHONEOS_DEPLOYMENT_TARGET = 18.1;
				MARKETING_VERSION = 1.0;
				PRODUCT_BUNDLE_IDENTIFIER = "bar.Assignment-9Tests";
				PRODUCT_NAME = "$(TARGET_NAME)";
				SWIFT_EMIT_LOC_STRINGS = NO;
				SWIFT_VERSION = 5.0;
				TARGETED_DEVICE_FAMILY = "1,2";
				TEST_HOST = "$(BUILT_PRODUCTS_DIR)/Assignment 9.app/$(BUNDLE_EXECUTABLE_FOLDER_PATH)/Assignment 9";
			};
			name = Debug;
		};
		E291BA882CF03FD500D062F8 /* Release */ = {
			isa = XCBuildConfiguration;
			buildSettings = {
				BUNDLE_LOADER = "$(TEST_HOST)";
				CODE_SIGN_STYLE = Automatic;
				CURRENT_PROJECT_VERSION = 1;
				GENERATE_INFOPLIST_FILE = YES;
				IPHONEOS_DEPLOYMENT_TARGET = 18.1;
				MARKETING_VERSION = 1.0;
				PRODUCT_BUNDLE_IDENTIFIER = "bar.Assignment-9Tests";
				PRODUCT_NAME = "$(TARGET_NAME)";
				SWIFT_EMIT_LOC_STRINGS = NO;
				SWIFT_VERSION = 5.0;
				TARGETED_DEVICE_FAMILY = "1,2";
				TEST_HOST = "$(BUILT_PRODUCTS_DIR)/Assignment 9.app/$(BUNDLE_EXECUTABLE_FOLDER_PATH)/Assignment 9";
			};
			name = Release;
		};
		E291BA8A2CF03FD500D062F8 /* Debug */ = {
			isa = XCBuildConfiguration;
			buildSettings = {
				CODE_SIGN_STYLE = Automatic;
				CURRENT_PROJECT_VERSION = 1;
				GENERATE_INFOPLIST_FILE = YES;
				MARKETING_VERSION = 1.0;
				PRODUCT_BUNDLE_IDENTIFIER = "bar.Assignment-9UITests";
				PRODUCT_NAME = "$(TARGET_NAME)";
				SWIFT_EMIT_LOC_STRINGS = NO;
				SWIFT_VERSION = 5.0;
				TARGETED_DEVICE_FAMILY = "1,2";
				TEST_TARGET_NAME = "Assignment 9";
			};
			name = Debug;
		};
		E291BA8B2CF03FD500D062F8 /* Release */ = {
			isa = XCBuildConfiguration;
			buildSettings = {
				CODE_SIGN_STYLE = Automatic;
				CURRENT_PROJECT_VERSION = 1;
				GENERATE_INFOPLIST_FILE = YES;
				MARKETING_VERSION = 1.0;
				PRODUCT_BUNDLE_IDENTIFIER = "bar.Assignment-9UITests";
				PRODUCT_NAME = "$(TARGET_NAME)";
				SWIFT_EMIT_LOC_STRINGS = NO;
				SWIFT_VERSION = 5.0;
				TARGETED_DEVICE_FAMILY = "1,2";
				TEST_TARGET_NAME = "Assignment 9";
			};
			name = Release;
		};
/* End XCBuildConfiguration section */

/* Begin XCConfigurationList section */
		E291BA532CF03FD100D062F8 /* Build configuration list for PBXProject "Assignment 9" */ = {
			isa = XCConfigurationList;
			buildConfigurations = (
				E291BA842CF03FD500D062F8 /* Debug */,
				E291BA852CF03FD500D062F8 /* Release */,
			);
			defaultConfigurationIsVisible = 0;
			defaultConfigurationName = Release;
		};
		E291BA812CF03FD500D062F8 /* Build configuration list for PBXNativeTarget "Assignment 9" */ = {
			isa = XCConfigurationList;
			buildConfigurations = (
				E291BA822CF03FD500D062F8 /* Debug */,
				E291BA832CF03FD500D062F8 /* Release */,
			);
			defaultConfigurationIsVisible = 0;
			defaultConfigurationName = Release;
		};
		E291BA862CF03FD500D062F8 /* Build configuration list for PBXNativeTarget "Assignment 9Tests" */ = {
			isa = XCConfigurationList;
			buildConfigurations = (
				E291BA872CF03FD500D062F8 /* Debug */,
				E291BA882CF03FD500D062F8 /* Release */,
			);
			defaultConfigurationIsVisible = 0;
			defaultConfigurationName = Release;
		};
		E291BA892CF03FD500D062F8 /* Build configuration list for PBXNativeTarget "Assignment 9UITests" */ = {
			isa = XCConfigurationList;
			buildConfigurations = (
				E291BA8A2CF03FD500D062F8 /* Debug */,
				E291BA8B2CF03FD500D062F8 /* Release */,
			);
			defaultConfigurationIsVisible = 0;
			defaultConfigurationName = Release;
		};
/* End XCConfigurationList section */
	};
	rootObject = E291BA502CF03FD100D062F8 /* Project object */;
}
