// !$*UTF8*$!
{
	archiveVersion = 1;
	classes = {
	};
	objectVersion = 77;
	objects = {

/* Begin PBXContainerItemProxy section */
		E289C92B2CF4830A006962E7 /* PBXContainerItemProxy */ = {
			isa = PBXContainerItemProxy;
			containerPortal = E289C90C2CF48306006962E7 /* Project object */;
			proxyType = 1;
			remoteGlobalIDString = E289C9132CF48306006962E7;
			remoteInfo = superHeroRandom;
		};
		E289C9352CF4830A006962E7 /* PBXContainerItemProxy */ = {
			isa = PBXContainerItemProxy;
			containerPortal = E289C90C2CF48306006962E7 /* Project object */;
			proxyType = 1;
			remoteGlobalIDString = E289C9132CF48306006962E7;
			remoteInfo = superHeroRandom;
		};
/* End PBXContainerItemProxy section */

/* Begin PBXFileReference section */
		E289C9142CF48306006962E7 /* superHeroRandom.app */ = {isa = PBXFileReference; explicitFileType = wrapper.application; includeInIndex = 0; path = superHeroRandom.app; sourceTree = BUILT_PRODUCTS_DIR; };
		E289C92A2CF4830A006962E7 /* superHeroRandomTests.xctest */ = {isa = PBXFileReference; explicitFileType = wrapper.cfbundle; includeInIndex = 0; path = superHeroRandomTests.xctest; sourceTree = BUILT_PRODUCTS_DIR; };
		E289C9342CF4830A006962E7 /* superHeroRandomUITests.xctest */ = {isa = PBXFileReference; explicitFileType = wrapper.cfbundle; includeInIndex = 0; path = superHeroRandomUITests.xctest; sourceTree = BUILT_PRODUCTS_DIR; };
/* End PBXFileReference section */

/* Begin PBXFileSystemSynchronizedBuildFileExceptionSet section */
		E289C93C2CF4830A006962E7 /* Exceptions for "superHeroRandom" folder in "superHeroRandom" target */ = {
			isa = PBXFileSystemSynchronizedBuildFileExceptionSet;
			membershipExceptions = (
				Info.plist,
			);
			target = E289C9132CF48306006962E7 /* superHeroRandom */;
		};
/* End PBXFileSystemSynchronizedBuildFileExceptionSet section */

/* Begin PBXFileSystemSynchronizedRootGroup section */
		E289C9162CF48306006962E7 /* superHeroRandom */ = {
			isa = PBXFileSystemSynchronizedRootGroup;
			exceptions = (
				E289C93C2CF4830A006962E7 /* Exceptions for "superHeroRandom" folder in "superHeroRandom" target */,
			);
			path = superHeroRandom;
			sourceTree = "<group>";
		};
		E289C92D2CF4830A006962E7 /* superHeroRandomTests */ = {
			isa = PBXFileSystemSynchronizedRootGroup;
			path = superHeroRandomTests;
			sourceTree = "<group>";
		};
		E289C9372CF4830A006962E7 /* superHeroRandomUITests */ = {
			isa = PBXFileSystemSynchronizedRootGroup;
			path = superHeroRandomUITests;
			sourceTree = "<group>";
		};
/* End PBXFileSystemSynchronizedRootGroup section */

/* Begin PBXFrameworksBuildPhase section */
		E289C9112CF48306006962E7 /* Frameworks */ = {
			isa = PBXFrameworksBuildPhase;
			buildActionMask = 2147483647;
			files = (
			);
			runOnlyForDeploymentPostprocessing = 0;
		};
		E289C9272CF4830A006962E7 /* Frameworks */ = {
			isa = PBXFrameworksBuildPhase;
			buildActionMask = 2147483647;
			files = (
			);
			runOnlyForDeploymentPostprocessing = 0;
		};
		E289C9312CF4830A006962E7 /* Frameworks */ = {
			isa = PBXFrameworksBuildPhase;
			buildActionMask = 2147483647;
			files = (
			);
			runOnlyForDeploymentPostprocessing = 0;
		};
/* End PBXFrameworksBuildPhase section */

/* Begin PBXGroup section */
		E289C90B2CF48306006962E7 = {
			isa = PBXGroup;
			children = (
				E289C9162CF48306006962E7 /* superHeroRandom */,
				E289C92D2CF4830A006962E7 /* superHeroRandomTests */,
				E289C9372CF4830A006962E7 /* superHeroRandomUITests */,
				E289C9152CF48306006962E7 /* Products */,
			);
			sourceTree = "<group>";
		};
		E289C9152CF48306006962E7 /* Products */ = {
			isa = PBXGroup;
			children = (
				E289C9142CF48306006962E7 /* superHeroRandom.app */,
				E289C92A2CF4830A006962E7 /* superHeroRandomTests.xctest */,
				E289C9342CF4830A006962E7 /* superHeroRandomUITests.xctest */,
			);
			name = Products;
			sourceTree = "<group>";
		};
/* End PBXGroup section */

/* Begin PBXNativeTarget section */
		E289C9132CF48306006962E7 /* superHeroRandom */ = {
			isa = PBXNativeTarget;
			buildConfigurationList = E289C93D2CF4830A006962E7 /* Build configuration list for PBXNativeTarget "superHeroRandom" */;
			buildPhases = (
				E289C9102CF48306006962E7 /* Sources */,
				E289C9112CF48306006962E7 /* Frameworks */,
				E289C9122CF48306006962E7 /* Resources */,
			);
			buildRules = (
			);
			dependencies = (
			);
			fileSystemSynchronizedGroups = (
				E289C9162CF48306006962E7 /* superHeroRandom */,
			);
			name = superHeroRandom;
			packageProductDependencies = (
			);
			productName = superHeroRandom;
			productReference = E289C9142CF48306006962E7 /* superHeroRandom.app */;
			productType = "com.apple.product-type.application";
		};
		E289C9292CF4830A006962E7 /* superHeroRandomTests */ = {
			isa = PBXNativeTarget;
			buildConfigurationList = E289C9422CF4830A006962E7 /* Build configuration list for PBXNativeTarget "superHeroRandomTests" */;
			buildPhases = (
				E289C9262CF4830A006962E7 /* Sources */,
				E289C9272CF4830A006962E7 /* Frameworks */,
				E289C9282CF4830A006962E7 /* Resources */,
			);
			buildRules = (
			);
			dependencies = (
				E289C92C2CF4830A006962E7 /* PBXTargetDependency */,
			);
			fileSystemSynchronizedGroups = (
				E289C92D2CF4830A006962E7 /* superHeroRandomTests */,
			);
			name = superHeroRandomTests;
			packageProductDependencies = (
			);
			productName = superHeroRandomTests;
			productReference = E289C92A2CF4830A006962E7 /* superHeroRandomTests.xctest */;
			productType = "com.apple.product-type.bundle.unit-test";
		};
		E289C9332CF4830A006962E7 /* superHeroRandomUITests */ = {
			isa = PBXNativeTarget;
			buildConfigurationList = E289C9452CF4830A006962E7 /* Build configuration list for PBXNativeTarget "superHeroRandomUITests" */;
			buildPhases = (
				E289C9302CF4830A006962E7 /* Sources */,
				E289C9312CF4830A006962E7 /* Frameworks */,
				E289C9322CF4830A006962E7 /* Resources */,
			);
			buildRules = (
			);
			dependencies = (
				E289C9362CF4830A006962E7 /* PBXTargetDependency */,
			);
			fileSystemSynchronizedGroups = (
				E289C9372CF4830A006962E7 /* superHeroRandomUITests */,
			);
			name = superHeroRandomUITests;
			packageProductDependencies = (
			);
			productName = superHeroRandomUITests;
			productReference = E289C9342CF4830A006962E7 /* superHeroRandomUITests.xctest */;
			productType = "com.apple.product-type.bundle.ui-testing";
		};
/* End PBXNativeTarget section */

/* Begin PBXProject section */
		E289C90C2CF48306006962E7 /* Project object */ = {
			isa = PBXProject;
			attributes = {
				BuildIndependentTargetsInParallel = 1;
				LastSwiftUpdateCheck = 1610;
				LastUpgradeCheck = 1610;
				TargetAttributes = {
					E289C9132CF48306006962E7 = {
						CreatedOnToolsVersion = 16.1;
					};
					E289C9292CF4830A006962E7 = {
						CreatedOnToolsVersion = 16.1;
						TestTargetID = E289C9132CF48306006962E7;
					};
					E289C9332CF4830A006962E7 = {
						CreatedOnToolsVersion = 16.1;
						TestTargetID = E289C9132CF48306006962E7;
					};
				};
			};
			buildConfigurationList = E289C90F2CF48306006962E7 /* Build configuration list for PBXProject "superHeroRandom" */;
			developmentRegion = en;
			hasScannedForEncodings = 0;
			knownRegions = (
				en,
				Base,
			);
			mainGroup = E289C90B2CF48306006962E7;
			minimizedProjectReferenceProxies = 1;
			preferredProjectObjectVersion = 77;
			productRefGroup = E289C9152CF48306006962E7 /* Products */;
			projectDirPath = "";
			projectRoot = "";
			targets = (
				E289C9132CF48306006962E7 /* superHeroRandom */,
				E289C9292CF4830A006962E7 /* superHeroRandomTests */,
				E289C9332CF4830A006962E7 /* superHeroRandomUITests */,
			);
		};
/* End PBXProject section */

/* Begin PBXResourcesBuildPhase section */
		E289C9122CF48306006962E7 /* Resources */ = {
			isa = PBXResourcesBuildPhase;
			buildActionMask = 2147483647;
			files = (
			);
			runOnlyForDeploymentPostprocessing = 0;
		};
		E289C9282CF4830A006962E7 /* Resources */ = {
			isa = PBXResourcesBuildPhase;
			buildActionMask = 2147483647;
			files = (
			);
			runOnlyForDeploymentPostprocessing = 0;
		};
		E289C9322CF4830A006962E7 /* Resources */ = {
			isa = PBXResourcesBuildPhase;
			buildActionMask = 2147483647;
			files = (
			);
			runOnlyForDeploymentPostprocessing = 0;
		};
/* End PBXResourcesBuildPhase section */

/* Begin PBXSourcesBuildPhase section */
		E289C9102CF48306006962E7 /* Sources */ = {
			isa = PBXSourcesBuildPhase;
			buildActionMask = 2147483647;
			files = (
			);
			runOnlyForDeploymentPostprocessing = 0;
		};
		E289C9262CF4830A006962E7 /* Sources */ = {
			isa = PBXSourcesBuildPhase;
			buildActionMask = 2147483647;
			files = (
			);
			runOnlyForDeploymentPostprocessing = 0;
		};
		E289C9302CF4830A006962E7 /* Sources */ = {
			isa = PBXSourcesBuildPhase;
			buildActionMask = 2147483647;
			files = (
			);
			runOnlyForDeploymentPostprocessing = 0;
		};
/* End PBXSourcesBuildPhase section */

/* Begin PBXTargetDependency section */
		E289C92C2CF4830A006962E7 /* PBXTargetDependency */ = {
			isa = PBXTargetDependency;
			target = E289C9132CF48306006962E7 /* superHeroRandom */;
			targetProxy = E289C92B2CF4830A006962E7 /* PBXContainerItemProxy */;
		};
		E289C9362CF4830A006962E7 /* PBXTargetDependency */ = {
			isa = PBXTargetDependency;
			target = E289C9132CF48306006962E7 /* superHeroRandom */;
			targetProxy = E289C9352CF4830A006962E7 /* PBXContainerItemProxy */;
		};
/* End PBXTargetDependency section */

/* Begin XCBuildConfiguration section */
		E289C93E2CF4830A006962E7 /* Debug */ = {
			isa = XCBuildConfiguration;
			buildSettings = {
				ASSETCATALOG_COMPILER_APPICON_NAME = AppIcon;
				ASSETCATALOG_COMPILER_GLOBAL_ACCENT_COLOR_NAME = AccentColor;
				CODE_SIGN_STYLE = Automatic;
				CURRENT_PROJECT_VERSION = 1;
				GENERATE_INFOPLIST_FILE = YES;
				INFOPLIST_FILE = superHeroRandom/Info.plist;
				INFOPLIST_KEY_UIApplicationSupportsIndirectInputEvents = YES;
				INFOPLIST_KEY_UILaunchStoryboardName = LaunchScreen;
				INFOPLIST_KEY_UIMainStoryboardFile = Main;
				INFOPLIST_KEY_UISupportedInterfaceOrientations_iPad = "UIInterfaceOrientationPortrait UIInterfaceOrientationPortraitUpsideDown UIInterfaceOrientationLandscapeLeft UIInterfaceOrientationLandscapeRight";
				INFOPLIST_KEY_UISupportedInterfaceOrientations_iPhone = "UIInterfaceOrientationPortrait UIInterfaceOrientationLandscapeLeft UIInterfaceOrientationLandscapeRight";
				LD_RUNPATH_SEARCH_PATHS = (
					"$(inherited)",
					"@executable_path/Frameworks",
				);
				MARKETING_VERSION = 1.0;
				PRODUCT_BUNDLE_IDENTIFIER = bar.superHeroRandom;
				PRODUCT_NAME = "$(TARGET_NAME)";
				SWIFT_EMIT_LOC_STRINGS = YES;
				SWIFT_VERSION = 5.0;
				TARGETED_DEVICE_FAMILY = "1,2";
			};
			name = Debug;
		};
		E289C93F2CF4830A006962E7 /* Release */ = {
			isa = XCBuildConfiguration;
			buildSettings = {
				ASSETCATALOG_COMPILER_APPICON_NAME = AppIcon;
				ASSETCATALOG_COMPILER_GLOBAL_ACCENT_COLOR_NAME = AccentColor;
				CODE_SIGN_STYLE = Automatic;
				CURRENT_PROJECT_VERSION = 1;
				GENERATE_INFOPLIST_FILE = YES;
				INFOPLIST_FILE = superHeroRandom/Info.plist;
				INFOPLIST_KEY_UIApplicationSupportsIndirectInputEvents = YES;
				INFOPLIST_KEY_UILaunchStoryboardName = LaunchScreen;
				INFOPLIST_KEY_UIMainStoryboardFile = Main;
				INFOPLIST_KEY_UISupportedInterfaceOrientations_iPad = "UIInterfaceOrientationPortrait UIInterfaceOrientationPortraitUpsideDown UIInterfaceOrientationLandscapeLeft UIInterfaceOrientationLandscapeRight";
				INFOPLIST_KEY_UISupportedInterfaceOrientations_iPhone = "UIInterfaceOrientationPortrait UIInterfaceOrientationLandscapeLeft UIInterfaceOrientationLandscapeRight";
				LD_RUNPATH_SEARCH_PATHS = (
					"$(inherited)",
					"@executable_path/Frameworks",
				);
				MARKETING_VERSION = 1.0;
				PRODUCT_BUNDLE_IDENTIFIER = bar.superHeroRandom;
				PRODUCT_NAME = "$(TARGET_NAME)";
				SWIFT_EMIT_LOC_STRINGS = YES;
				SWIFT_VERSION = 5.0;
				TARGETED_DEVICE_FAMILY = "1,2";
			};
			name = Release;
		};
		E289C9402CF4830A006962E7 /* Debug */ = {
			isa = XCBuildConfiguration;
			buildSettings = {
				ALWAYS_SEARCH_USER_PATHS = NO;
				ASSETCATALOG_COMPILER_GENERATE_SWIFT_ASSET_SYMBOL_EXTENSIONS = YES;
				CLANG_ANALYZER_NONNULL = YES;
				CLANG_ANALYZER_NUMBER_OBJECT_CONVERSION = YES_AGGRESSIVE;
				CLANG_CXX_LANGUAGE_STANDARD = "gnu++20";
				CLANG_ENABLE_MODULES = YES;
				CLANG_ENABLE_OBJC_ARC = YES;
				CLANG_ENABLE_OBJC_WEAK = YES;
				CLANG_WARN_BLOCK_CAPTURE_AUTORELEASING = YES;
				CLANG_WARN_BOOL_CONVERSION = YES;
				CLANG_WARN_COMMA = YES;
				CLANG_WARN_CONSTANT_CONVERSION = YES;
				CLANG_WARN_DEPRECATED_OBJC_IMPLEMENTATIONS = YES;
				CLANG_WARN_DIRECT_OBJC_ISA_USAGE = YES_ERROR;
				CLANG_WARN_DOCUMENTATION_COMMENTS = YES;
				CLANG_WARN_EMPTY_BODY = YES;
				CLANG_WARN_ENUM_CONVERSION = YES;
				CLANG_WARN_INFINITE_RECURSION = YES;
				CLANG_WARN_INT_CONVERSION = YES;
				CLANG_WARN_NON_LITERAL_NULL_CONVERSION = YES;
				CLANG_WARN_OBJC_IMPLICIT_RETAIN_SELF = YES;
				CLANG_WARN_OBJC_LITERAL_CONVERSION = YES;
				CLANG_WARN_OBJC_ROOT_CLASS = YES_ERROR;
				CLANG_WARN_QUOTED_INCLUDE_IN_FRAMEWORK_HEADER = YES;
				CLANG_WARN_RANGE_LOOP_ANALYSIS = YES;
				CLANG_WARN_STRICT_PROTOTYPES = YES;
				CLANG_WARN_SUSPICIOUS_MOVE = YES;
				CLANG_WARN_UNGUARDED_AVAILABILITY = YES_AGGRESSIVE;
				CLANG_WARN_UNREACHABLE_CODE = YES;
				CLANG_WARN__DUPLICATE_METHOD_MATCH = YES;
				COPY_PHASE_STRIP = NO;
				DEBUG_INFORMATION_FORMAT = dwarf;
				ENABLE_STRICT_OBJC_MSGSEND = YES;
				ENABLE_TESTABILITY = YES;
				ENABLE_USER_SCRIPT_SANDBOXING = YES;
				GCC_C_LANGUAGE_STANDARD = gnu17;
				GCC_DYNAMIC_NO_PIC = NO;
				GCC_NO_COMMON_BLOCKS = YES;
				GCC_OPTIMIZATION_LEVEL = 0;
				GCC_PREPROCESSOR_DEFINITIONS = (
					"DEBUG=1",
					"$(inherited)",
				);
				GCC_WARN_64_TO_32_BIT_CONVERSION = YES;
				GCC_WARN_ABOUT_RETURN_TYPE = YES_ERROR;
				GCC_WARN_UNDECLARED_SELECTOR = YES;
				GCC_WARN_UNINITIALIZED_AUTOS = YES_AGGRESSIVE;
				GCC_WARN_UNUSED_FUNCTION = YES;
				GCC_WARN_UNUSED_VARIABLE = YES;
				IPHONEOS_DEPLOYMENT_TARGET = 18.1;
				LOCALIZATION_PREFERS_STRING_CATALOGS = YES;
				MTL_ENABLE_DEBUG_INFO = INCLUDE_SOURCE;
				MTL_FAST_MATH = YES;
				ONLY_ACTIVE_ARCH = YES;
				SDKROOT = iphoneos;
				SWIFT_ACTIVE_COMPILATION_CONDITIONS = "DEBUG $(inherited)";
				SWIFT_OPTIMIZATION_LEVEL = "-Onone";
			};
			name = Debug;
		};
		E289C9412CF4830A006962E7 /* Release */ = {
			isa = XCBuildConfiguration;
			buildSettings = {
				ALWAYS_SEARCH_USER_PATHS = NO;
				ASSETCATALOG_COMPILER_GENERATE_SWIFT_ASSET_SYMBOL_EXTENSIONS = YES;
				CLANG_ANALYZER_NONNULL = YES;
				CLANG_ANALYZER_NUMBER_OBJECT_CONVERSION = YES_AGGRESSIVE;
				CLANG_CXX_LANGUAGE_STANDARD = "gnu++20";
				CLANG_ENABLE_MODULES = YES;
				CLANG_ENABLE_OBJC_ARC = YES;
				CLANG_ENABLE_OBJC_WEAK = YES;
				CLANG_WARN_BLOCK_CAPTURE_AUTORELEASING = YES;
				CLANG_WARN_BOOL_CONVERSION = YES;
				CLANG_WARN_COMMA = YES;
				CLANG_WARN_CONSTANT_CONVERSION = YES;
				CLANG_WARN_DEPRECATED_OBJC_IMPLEMENTATIONS = YES;
				CLANG_WARN_DIRECT_OBJC_ISA_USAGE = YES_ERROR;
				CLANG_WARN_DOCUMENTATION_COMMENTS = YES;
				CLANG_WARN_EMPTY_BODY = YES;
				CLANG_WARN_ENUM_CONVERSION = YES;
				CLANG_WARN_INFINITE_RECURSION = YES;
				CLANG_WARN_INT_CONVERSION = YES;
				CLANG_WARN_NON_LITERAL_NULL_CONVERSION = YES;
				CLANG_WARN_OBJC_IMPLICIT_RETAIN_SELF = YES;
				CLANG_WARN_OBJC_LITERAL_CONVERSION = YES;
				CLANG_WARN_OBJC_ROOT_CLASS = YES_ERROR;
				CLANG_WARN_QUOTED_INCLUDE_IN_FRAMEWORK_HEADER = YES;
				CLANG_WARN_RANGE_LOOP_ANALYSIS = YES;
				CLANG_WARN_STRICT_PROTOTYPES = YES;
				CLANG_WARN_SUSPICIOUS_MOVE = YES;
				CLANG_WARN_UNGUARDED_AVAILABILITY = YES_AGGRESSIVE;
				CLANG_WARN_UNREACHABLE_CODE = YES;
				CLANG_WARN__DUPLICATE_METHOD_MATCH = YES;
				COPY_PHASE_STRIP = NO;
				DEBUG_INFORMATION_FORMAT = "dwarf-with-dsym";
				ENABLE_NS_ASSERTIONS = NO;
				ENABLE_STRICT_OBJC_MSGSEND = YES;
				ENABLE_USER_SCRIPT_SANDBOXING = YES;
				GCC_C_LANGUAGE_STANDARD = gnu17;
				GCC_NO_COMMON_BLOCKS = YES;
				GCC_WARN_64_TO_32_BIT_CONVERSION = YES;
				GCC_WARN_ABOUT_RETURN_TYPE = YES_ERROR;
				GCC_WARN_UNDECLARED_SELECTOR = YES;
				GCC_WARN_UNINITIALIZED_AUTOS = YES_AGGRESSIVE;
				GCC_WARN_UNUSED_FUNCTION = YES;
				GCC_WARN_UNUSED_VARIABLE = YES;
				IPHONEOS_DEPLOYMENT_TARGET = 18.1;
				LOCALIZATION_PREFERS_STRING_CATALOGS = YES;
				MTL_ENABLE_DEBUG_INFO = NO;
				MTL_FAST_MATH = YES;
				SDKROOT = iphoneos;
				SWIFT_COMPILATION_MODE = wholemodule;
				VALIDATE_PRODUCT = YES;
			};
			name = Release;
		};
		E289C9432CF4830A006962E7 /* Debug */ = {
			isa = XCBuildConfiguration;
			buildSettings = {
				BUNDLE_LOADER = "$(TEST_HOST)";
				CODE_SIGN_STYLE = Automatic;
				CURRENT_PROJECT_VERSION = 1;
				GENERATE_INFOPLIST_FILE = YES;
				IPHONEOS_DEPLOYMENT_TARGET = 18.1;
				MARKETING_VERSION = 1.0;
				PRODUCT_BUNDLE_IDENTIFIER = bar.superHeroRandomTests;
				PRODUCT_NAME = "$(TARGET_NAME)";
				SWIFT_EMIT_LOC_STRINGS = NO;
				SWIFT_VERSION = 5.0;
				TARGETED_DEVICE_FAMILY = "1,2";
				TEST_HOST = "$(BUILT_PRODUCTS_DIR)/superHeroRandom.app/$(BUNDLE_EXECUTABLE_FOLDER_PATH)/superHeroRandom";
			};
			name = Debug;
		};
		E289C9442CF4830A006962E7 /* Release */ = {
			isa = XCBuildConfiguration;
			buildSettings = {
				BUNDLE_LOADER = "$(TEST_HOST)";
				CODE_SIGN_STYLE = Automatic;
				CURRENT_PROJECT_VERSION = 1;
				GENERATE_INFOPLIST_FILE = YES;
				IPHONEOS_DEPLOYMENT_TARGET = 18.1;
				MARKETING_VERSION = 1.0;
				PRODUCT_BUNDLE_IDENTIFIER = bar.superHeroRandomTests;
				PRODUCT_NAME = "$(TARGET_NAME)";
				SWIFT_EMIT_LOC_STRINGS = NO;
				SWIFT_VERSION = 5.0;
				TARGETED_DEVICE_FAMILY = "1,2";
				TEST_HOST = "$(BUILT_PRODUCTS_DIR)/superHeroRandom.app/$(BUNDLE_EXECUTABLE_FOLDER_PATH)/superHeroRandom";
			};
			name = Release;
		};
		E289C9462CF4830A006962E7 /* Debug */ = {
			isa = XCBuildConfiguration;
			buildSettings = {
				CODE_SIGN_STYLE = Automatic;
				CURRENT_PROJECT_VERSION = 1;
				GENERATE_INFOPLIST_FILE = YES;
				MARKETING_VERSION = 1.0;
				PRODUCT_BUNDLE_IDENTIFIER = bar.superHeroRandomUITests;
				PRODUCT_NAME = "$(TARGET_NAME)";
				SWIFT_EMIT_LOC_STRINGS = NO;
				SWIFT_VERSION = 5.0;
				TARGETED_DEVICE_FAMILY = "1,2";
				TEST_TARGET_NAME = superHeroRandom;
			};
			name = Debug;
		};
		E289C9472CF4830A006962E7 /* Release */ = {
			isa = XCBuildConfiguration;
			buildSettings = {
				CODE_SIGN_STYLE = Automatic;
				CURRENT_PROJECT_VERSION = 1;
				GENERATE_INFOPLIST_FILE = YES;
				MARKETING_VERSION = 1.0;
				PRODUCT_BUNDLE_IDENTIFIER = bar.superHeroRandomUITests;
				PRODUCT_NAME = "$(TARGET_NAME)";
				SWIFT_EMIT_LOC_STRINGS = NO;
				SWIFT_VERSION = 5.0;
				TARGETED_DEVICE_FAMILY = "1,2";
				TEST_TARGET_NAME = superHeroRandom;
			};
			name = Release;
		};
/* End XCBuildConfiguration section */

/* Begin XCConfigurationList section */
		E289C90F2CF48306006962E7 /* Build configuration list for PBXProject "superHeroRandom" */ = {
			isa = XCConfigurationList;
			buildConfigurations = (
				E289C9402CF4830A006962E7 /* Debug */,
				E289C9412CF4830A006962E7 /* Release */,
			);
			defaultConfigurationIsVisible = 0;
			defaultConfigurationName = Release;
		};
		E289C93D2CF4830A006962E7 /* Build configuration list for PBXNativeTarget "superHeroRandom" */ = {
			isa = XCConfigurationList;
			buildConfigurations = (
				E289C93E2CF4830A006962E7 /* Debug */,
				E289C93F2CF4830A006962E7 /* Release */,
			);
			defaultConfigurationIsVisible = 0;
			defaultConfigurationName = Release;
		};
		E289C9422CF4830A006962E7 /* Build configuration list for PBXNativeTarget "superHeroRandomTests" */ = {
			isa = XCConfigurationList;
			buildConfigurations = (
				E289C9432CF4830A006962E7 /* Debug */,
				E289C9442CF4830A006962E7 /* Release */,
			);
			defaultConfigurationIsVisible = 0;
			defaultConfigurationName = Release;
		};
		E289C9452CF4830A006962E7 /* Build configuration list for PBXNativeTarget "superHeroRandomUITests" */ = {
			isa = XCConfigurationList;
			buildConfigurations = (
				E289C9462CF4830A006962E7 /* Debug */,
				E289C9472CF4830A006962E7 /* Release */,
			);
			defaultConfigurationIsVisible = 0;
			defaultConfigurationName = Release;
		};
/* End XCConfigurationList section */
	};
	rootObject = E289C90C2CF48306006962E7 /* Project object */;
}
